{
  "name": "suseejs",
  "version": "0.0.1",
  "lockfileVersion": 3,
  "requires": true,
  "packages": {
    "": {
      "name": "suseejs",
      "version": "0.0.1",
      "workspaces": [
        "packages/utilities",
        "packages/color",
        "packages/type"
      ]
    },
    "node_modules/@suseejs/color": {
      "resolved": "packages/color",
      "link": true
    },
    "node_modules/@suseejs/type": {
      "resolved": "packages/type",
      "link": true
    },
    "node_modules/@suseejs/utilities": {
      "resolved": "packages/utilities",
      "link": true
    },
    "packages/color": {
      "name": "@suseejs/color",
      "version": "0.0.1"
    },
    "packages/type": {
      "name": "@suseejs/type",
      "version": "1.0.0",
      "license": "ISC",
      "devDependencies": {}
    },
    "packages/utilities": {
      "name": "@suseejs/utilities",
      "version": "1.0.0",
      "license": "ISC",
      "devDependencies": {}
    },
    "utilities": {
      "name": "@suseejs/utilities",
      "version": "1.0.0",
      "extraneous": true,
      "license": "ISC"
    }
  }
}
