{
  "name": "suseejs",
  "version": "0.0.1",
  "lockfileVersion": 3,
  "requires": true,
  "packages": {
    "": {
      "name": "suseejs",
      "version": "0.0.1",
      "license": "Apache-2.0",
      "workspaces": [
        "packages/susee-utils",
        "packages/susee-types"
      ]
    },
    "node_modules/susee-types": {
      "resolved": "packages/susee-types",
      "link": true
    },
    "node_modules/susee-utils": {
      "resolved": "packages/susee-utils",
      "link": true
    },
    "node_modules/typescript": {
      "version": "6.0.2",
      "resolved": "https://registry.npmjs.org/typescript/-/typescript-6.0.2.tgz",
      "integrity": "sha512-bGdAIrZ0wiGDo5l8c++HWtbaNCWTS4UTv7RaTH/ThVIgjkveJt83m74bBHMJkuCbslY8ixgLBVZJIOiQlQTjfQ==",
      "license": "Apache-2.0",
      "bin": {
        "tsc": "bin/tsc",
        "tsserver": "bin/tsserver"
      },
      "engines": {
        "node": ">=14.17"
      }
    },
    "packages/susee-types": {
      "version": "0.0.1",
      "license": "Apache-2.0",
      "dependencies": {
        "typescript": "^6.0.2"
      },
      "devDependencies": {}
    },
    "packages/susee-utils": {
      "version": "0.0.1",
      "license": "Apache-2.0",
      "dependencies": {
        "susee-types": "file:../susee-types",
        "typescript": "^6.0.2"
      }
    }
  }
}
